// !$*UTF8*$!
{
	archiveVersion = 1;
	classes = {
	};
	objectVersion = 50;
	objects = {

/* Begin PBXBuildFile section */
		168482CA249F9C72004DB20F /* AppDelegate.swift in Sources */ = {isa = PBXBuildFile; fileRef = 168482C9249F9C72004DB20F /* AppDelegate.swift */; };
		168482CC249F9C72004DB20F /* SceneDelegate.swift in Sources */ = {isa = PBXBuildFile; fileRef = 168482CB249F9C72004DB20F /* SceneDelegate.swift */; };
		168482CE249F9C72004DB20F /* ViewController.swift in Sources */ = {isa = PBXBuildFile; fileRef = 168482CD249F9C72004DB20F /* ViewController.swift */; };
		168482D1249F9C72004DB20F /* Main.storyboard in Resources */ = {isa = PBXBuildFile; fileRef = 168482CF249F9C72004DB20F /* Main.storyboard */; };
		168482D3249F9C72004DB20F /* Assets.xcassets in Resources */ = {isa = PBXBuildFile; fileRef = 168482D2249F9C72004DB20F /* Assets.xcassets */; };
		168482D6249F9C72004DB20F /* LaunchScreen.storyboard in Resources */ = {isa = PBXBuildFile; fileRef = 168482D4249F9C72004DB20F /* LaunchScreen.storyboard */; };
/* End PBXBuildFile section */

/* Begin PBXFileReference section */
		168482C6249F9C72004DB20F /* ToastSample.app */ = {isa = PBXFileReference; explicitFileType = wrapper.application; includeInIndex = 0; path = ToastSample.app; sourceTree = BUILT_PRODUCTS_DIR; };
		168482C9249F9C72004DB20F /* AppDelegate.swift */ = {isa = PBXFileReference; lastKnownFileType = sourcecode.swift; path = AppDelegate.swift; sourceTree = "<group>"; };
		168482CB249F9C72004DB20F /* SceneDelegate.swift */ = {isa = PBXFileReference; lastKnownFileType = sourcecode.swift; path = SceneDelegate.swift; sourceTree = "<group>"; };
		168482CD249F9C72004DB20F /* ViewController.swift */ = {isa = PBXFileReference; lastKnownFileType = sourcecode.swift; path = ViewController.swift; sourceTree = "<group>"; };
		168482D0249F9C72004DB20F /* Base */ = {isa = PBXFileReference; lastKnownFileType = file.storyboard; name = Base; path = Base.lproj/Main.storyboard; sourceTree = "<group>"; };
		168482D2249F9C72004DB20F /* Assets.xcassets */ = {isa = PBXFileReference; lastKnownFileType = folder.assetcatalog; path = Assets.xcassets; sourceTree = "<group>"; };
		168482D5249F9C72004DB20F /* Base */ = {isa = PBXFileReference; lastKnownFileType = file.storyboard; name = Base; path = Base.lproj/LaunchScreen.storyboard; sourceTree = "<group>"; };
		168482D7249F9C72004DB20F /* Info.plist */ = {isa = PBXFileReference; lastKnownFileType = text.plist.xml; path = Info.plist; sourceTree = "<group>"; };
/* End PBXFileReference section */

/* Begin PBXFrameworksBuildPhase section */
		168482C3249F9C72004DB20F /* Frameworks */ = {
			isa = PBXFrameworksBuildPhase;
			buildActionMask = 2147483647;
			files = (
			);
			runOnlyForDeploymentPostprocessing = 0;
		};
/* End PBXFrameworksBuildPhase section */

/* Begin PBXGroup section */
		168482BD249F9C71004DB20F = {
			isa = PBXGroup;
			children = (
				168482C8249F9C72004DB20F /* ToastSample */,
				168482C7249F9C72004DB20F /* Products */,
			);
			sourceTree = "<group>";
		};
		168482C7249F9C72004DB20F /* Products */ = {
			isa = PBXGroup;
			children = (
				168482C6249F9C72004DB20F /* ToastSample.app */,
			);
			name = Products;
			sourceTree = "<group>";
		};
		168482C8249F9C72004DB20F /* ToastSample */ = {
			isa = PBXGroup;
			children = (
				168482C9249F9C72004DB20F /* AppDelegate.swift */,
				168482CB249F9C72004DB20F /* SceneDelegate.swift */,
				168482CD249F9C72004DB20F /* ViewController.swift */,
				168482CF249F9C72004DB20F /* Main.storyboard */,
				168482D2249F9C72004DB20F /* Assets.xcassets */,
				168482D4249F9C72004DB20F /* LaunchScreen.storyboard */,
				168482D7249F9C72004DB20F /* Info.plist */,
			);
			path = ToastSample;
			sourceTree = "<group>";
		};
/* End PBXGroup section */

/* Begin PBXNativeTarget section */
		168482C5249F9C72004DB20F /* ToastSample */ = {
			isa = PBXNativeTarget;
			buildConfigurationList = 168482DA249F9C72004DB20F /* Build configuration list for PBXNativeTarget "ToastSample" */;
			buildPhases = (
				168482C2249F9C72004DB20F /* Sources */,
				168482C3249F9C72004DB20F /* Frameworks */,
				168482C4249F9C72004DB20F /* Resources */,
			);
			buildRules = (
			);
			dependencies = (
			);
			name = ToastSample;
			productName = ToastSample;
			productReference = 168482C6249F9C72004DB20F /* ToastSample.app */;
			productType = "com.apple.product-type.application";
		};
/* End PBXNativeTarget section */

/* Begin PBXProject section */
		168482BE249F9C71004DB20F /* Project object */ = {
			isa = PBXProject;
			attributes = {
				LastSwiftUpdateCheck = 1150;
				LastUpgradeCheck = 1150;
				ORGANIZATIONNAME = pm;
				TargetAttributes = {
					168482C5249F9C72004DB20F = {
						CreatedOnToolsVersion = 11.5;
					};
				};
			};
			buildConfigurationList = 168482C1249F9C71004DB20F /* Build configuration list for PBXProject "ToastSample" */;
			compatibilityVersion = "Xcode 9.3";
			developmentRegion = en;
			hasScannedForEncodings = 0;
			knownRegions = (
				en,
				Base,
			);
			mainGroup = 168482BD249F9C71004DB20F;
			productRefGroup = 168482C7249F9C72004DB20F /* Products */;
			projectDirPath = "";
			projectRoot = "";
			targets = (
				168482C5249F9C72004DB20F /* ToastSample */,
			);
		};
/* End PBXProject section */

/* Begin PBXResourcesBuildPhase section */
		168482C4249F9C72004DB20F /* Resources */ = {
			isa = PBXResourcesBuildPhase;
			buildActionMask = 2147483647;
			files = (
				168482D6249F9C72004DB20F /* LaunchScreen.storyboard in Resources */,
				168482D3249F9C72004DB20F /* Assets.xcassets in Resources */,
				168482D1249F9C72004DB20F /* Main.storyboard in Resources */,
			);
			runOnlyForDeploymentPostprocessing = 0;
		};
/* End PBXResourcesBuildPhase section */

/* Begin PBXSourcesBuildPhase section */
		168482C2249F9C72004DB20F /* Sources */ = {
			isa = PBXSourcesBuildPhase;
			buildActionMask = 2147483647;
			files = (
				168482CE249F9C72004DB20F /* ViewController.swift in Sources */,
				168482CA249F9C72004DB20F /* AppDelegate.swift in Sources */,
				168482CC249F9C72004DB20F /* SceneDelegate.swift in Sources */,
			);
			runOnlyForDeploymentPostprocessing = 0;
		};
/* End PBXSourcesBuildPhase section */

/* Begin PBXVariantGroup section */
		168482CF249F9C72004DB20F /* Main.storyboard */ = {
			isa = PBXVariantGroup;
			children = (
				168482D0249F9C72004DB20F /* Base */,
			);
			name = Main.storyboard;
			sourceTree = "<group>";
		};
		168482D4249F9C72004DB20F /* LaunchScreen.storyboard */ = {
			isa = PBXVariantGroup;
			children = (
				168482D5249F9C72004DB20F /* Base */,
			);
			name = LaunchScreen.storyboard;
			sourceTree = "<group>";
		};
/* End PBXVariantGroup section */

/* Begin XCBuildConfiguration section */
		168482D8249F9C72004DB20F /* Debug */ = {
			isa = XCBuildConfiguration;
			buildSettings = {
				ALWAYS_SEARCH_USER_PATHS = NO;
				CLANG_ANALYZER_NONNULL = YES;
				CLANG_ANALYZER_NUMBER_OBJECT_CONVERSION = YES_AGGRESSIVE;
				CLANG_CXX_LANGUAGE_STANDARD = "gnu++14";
				CLANG_CXX_LIBRARY = "libc++";
				CLANG_ENABLE_MODULES = YES;
				CLANG_ENABLE_OBJC_ARC = YES;
				CLANG_ENABLE_OBJC_WEAK = YES;
				CLANG_WARN_BLOCK_CAPTURE_AUTORELEASING = YES;
				CLANG_WARN_BOOL_CONVERSION = YES;
				CLANG_WARN_COMMA = YES;
				CLANG_WARN_CONSTANT_CONVERSION = YES;
				CLANG_WARN_DEPRECATED_OBJC_IMPLEMENTATIONS = YES;
				CLANG_WARN_DIRECT_OBJC_ISA_USAGE = YES_ERROR;
				CLANG_WARN_DOCUMENTATION_COMMENTS = YES;
				CLANG_WARN_EMPTY_BODY = YES;
				CLANG_WARN_ENUM_CONVERSION = YES;
				CLANG_WARN_INFINITE_RECURSION = YES;
				CLANG_WARN_INT_CONVERSION = YES;
				CLANG_WARN_NON_LITERAL_NULL_CONVERSION = YES;
				CLANG_WARN_OBJC_IMPLICIT_RETAIN_SELF = YES;
				CLANG_WARN_OBJC_LITERAL_CONVERSION = YES;
				CLANG_WARN_OBJC_ROOT_CLASS = YES_ERROR;
				CLANG_WARN_RANGE_LOOP_ANALYSIS = YES;
				CLANG_WARN_STRICT_PROTOTYPES = YES;
				CLANG_WARN_SUSPICIOUS_MOVE = YES;
				CLANG_WARN_UNGUARDED_AVAILABILITY = YES_AGGRESSIVE;
				CLANG_WARN_UNREACHABLE_CODE = YES;
				CLANG_WARN__DUPLICATE_METHOD_MATCH = YES;
				COPY_PHASE_STRIP = NO;
				DEBUG_INFORMATION_FORMAT = dwarf;
				ENABLE_STRICT_OBJC_MSGSEND = YES;
				ENABLE_TESTABILITY = YES;
				GCC_C_LANGUAGE_STANDARD = gnu11;
				GCC_DYNAMIC_NO_PIC = NO;
				GCC_NO_COMMON_BLOCKS = YES;
				GCC_OPTIMIZATION_LEVEL = 0;
				GCC_PREPROCESSOR_DEFINITIONS = (
					"DEBUG=1",
					"$(inherited)",
				);
				GCC_WARN_64_TO_32_BIT_CONVERSION = YES;
				GCC_WARN_ABOUT_RETURN_TYPE = YES_ERROR;
				GCC_WARN_UNDECLARED_SELECTOR = YES;
				GCC_WARN_UNINITIALIZED_AUTOS = YES_AGGRESSIVE;
				GCC_WARN_UNUSED_FUNCTION = YES;
				GCC_WARN_UNUSED_VARIABLE = YES;
				IPHONEOS_DEPLOYMENT_TARGET = 13.5;
				MTL_ENABLE_DEBUG_INFO = INCLUDE_SOURCE;
				MTL_FAST_MATH = YES;
				ONLY_ACTIVE_ARCH = YES;
				SDKROOT = iphoneos;
				SWIFT_ACTIVE_COMPILATION_CONDITIONS = DEBUG;
				SWIFT_OPTIMIZATION_LEVEL = "-Onone";
			};
			name = Debug;
		};
		168482D9249F9C72004DB20F /* Release */ = {
			isa = XCBuildConfiguration;
			buildSettings = {
				ALWAYS_SEARCH_USER_PATHS = NO;
				CLANG_ANALYZER_NONNULL = YES;
				CLANG_ANALYZER_NUMBER_OBJECT_CONVERSION = YES_AGGRESSIVE;
				CLANG_CXX_LANGUAGE_STANDARD = "gnu++14";
				CLANG_CXX_LIBRARY = "libc++";
				CLANG_ENABLE_MODULES = YES;
				CLANG_ENABLE_OBJC_ARC = YES;
				CLANG_ENABLE_OBJC_WEAK = YES;
				CLANG_WARN_BLOCK_CAPTURE_AUTORELEASING = YES;
				CLANG_WARN_BOOL_CONVERSION = YES;
				CLANG_WARN_COMMA = YES;
				CLANG_WARN_CONSTANT_CONVERSION = YES;
				CLANG_WARN_DEPRECATED_OBJC_IMPLEMENTATIONS = YES;
				CLANG_WARN_DIRECT_OBJC_ISA_USAGE = YES_ERROR;
				CLANG_WARN_DOCUMENTATION_COMMENTS = YES;
				CLANG_WARN_EMPTY_BODY = YES;
				CLANG_WARN_ENUM_CONVERSION = YES;
				CLANG_WARN_INFINITE_RECURSION = YES;
				CLANG_WARN_INT_CONVERSION = YES;
				CLANG_WARN_NON_LITERAL_NULL_CONVERSION = YES;
				CLANG_WARN_OBJC_IMPLICIT_RETAIN_SELF = YES;
				CLANG_WARN_OBJC_LITERAL_CONVERSION = YES;
				CLANG_WARN_OBJC_ROOT_CLASS = YES_ERROR;
				CLANG_WARN_RANGE_LOOP_ANALYSIS = YES;
				CLANG_WARN_STRICT_PROTOTYPES = YES;
				CLANG_WARN_SUSPICIOUS_MOVE = YES;
				CLANG_WARN_UNGUARDED_AVAILABILITY = YES_AGGRESSIVE;
				CLANG_WARN_UNREACHABLE_CODE = YES;
				CLANG_WARN__DUPLICATE_METHOD_MATCH = YES;
				COPY_PHASE_STRIP = NO;
				DEBUG_INFORMATION_FORMAT = "dwarf-with-dsym";
				ENABLE_NS_ASSERTIONS = NO;
				ENABLE_STRICT_OBJC_MSGSEND = YES;
				GCC_C_LANGUAGE_STANDARD = gnu11;
				GCC_NO_COMMON_BLOCKS = YES;
				GCC_WARN_64_TO_32_BIT_CONVERSION = YES;
				GCC_WARN_ABOUT_RETURN_TYPE = YES_ERROR;
				GCC_WARN_UNDECLARED_SELECTOR = YES;
				GCC_WARN_UNINITIALIZED_AUTOS = YES_AGGRESSIVE;
				GCC_WARN_UNUSED_FUNCTION = YES;
				GCC_WARN_UNUSED_VARIABLE = YES;
				IPHONEOS_DEPLOYMENT_TARGET = 13.5;
				MTL_ENABLE_DEBUG_INFO = NO;
				MTL_FAST_MATH = YES;
				SDKROOT = iphoneos;
				SWIFT_COMPILATION_MODE = wholemodule;
				SWIFT_OPTIMIZATION_LEVEL = "-O";
				VALIDATE_PRODUCT = YES;
			};
			name = Release;
		};
		168482DB249F9C72004DB20F /* Debug */ = {
			isa = XCBuildConfiguration;
			buildSettings = {
				ASSETCATALOG_COMPILER_APPICON_NAME = AppIcon;
				CODE_SIGN_STYLE = Automatic;
				DEVELOPMENT_TEAM = C2W3V35W5N;
				INFOPLIST_FILE = ToastSample/Info.plist;
				LD_RUNPATH_SEARCH_PATHS = (
					"$(inherited)",
					"@executable_path/Frameworks",
				);
				PRODUCT_BUNDLE_IDENTIFIER = com.pm.ToastSample;
				PRODUCT_NAME = "$(TARGET_NAME)";
				SWIFT_VERSION = 5.0;
				TARGETED_DEVICE_FAMILY = "1,2";
			};
			name = Debug;
		};
		168482DC249F9C72004DB20F /* Release */ = {
			isa = XCBuildConfiguration;
			buildSettings = {
				ASSETCATALOG_COMPILER_APPICON_NAME = AppIcon;
				CODE_SIGN_STYLE = Automatic;
				DEVELOPMENT_TEAM = C2W3V35W5N;
				INFOPLIST_FILE = ToastSample/Info.plist;
				LD_RUNPATH_SEARCH_PATHS = (
					"$(inherited)",
					"@executable_path/Frameworks",
				);
				PRODUCT_BUNDLE_IDENTIFIER = com.pm.ToastSample;
				PRODUCT_NAME = "$(TARGET_NAME)";
				SWIFT_VERSION = 5.0;
				TARGETED_DEVICE_FAMILY = "1,2";
			};
			name = Release;
		};
/* End XCBuildConfiguration section */

/* Begin XCConfigurationList section */
		168482C1249F9C71004DB20F /* Build configuration list for PBXProject "ToastSample" */ = {
			isa = XCConfigurationList;
			buildConfigurations = (
				168482D8249F9C72004DB20F /* Debug */,
				168482D9249F9C72004DB20F /* Release */,
			);
			defaultConfigurationIsVisible = 0;
			defaultConfigurationName = Release;
		};
		168482DA249F9C72004DB20F /* Build configuration list for PBXNativeTarget "ToastSample" */ = {
			isa = XCConfigurationList;
			buildConfigurations = (
				168482DB249F9C72004DB20F /* Debug */,
				168482DC249F9C72004DB20F /* Release */,
			);
			defaultConfigurationIsVisible = 0;
			defaultConfigurationName = Release;
		};
/* End XCConfigurationList section */
	};
	rootObject = 168482BE249F9C71004DB20F /* Project object */;
}
